
Microsoft Visual Studio Solution File, Format Version 12.00
# Visual Studio Version 17
VisualStudioVersion = 17.10.35027.167
MinimumVisualStudioVersion = 10.0.40219.1
Project("{FAE04EC0-301F-11D3-BF4B-00C04F79EFBC}") = "Blogscape", "Blogscape.csproj", "{FE06E593-92E1-49E6-855C-5BB8B3290D46}"
EndProject
Global
	GlobalSection(SolutionConfigurationPlatforms) = preSolution
		Debug|Any CPU = Debug|Any CPU
		Release|Any CPU = Release|Any CPU
	EndGlobalSection
	GlobalSection(ProjectConfigurationPlatforms) = postSolution
		{FE06E593-92E1-49E6-855C-5BB8B3290D46}.Debug|Any CPU.ActiveCfg = Debug|Any CPU
		{FE06E593-92E1-49E6-855C-5BB8B3290D46}.Debug|Any CPU.Build.0 = Debug|Any CPU
		{FE06E593-92E1-49E6-855C-5BB8B3290D46}.Release|Any CPU.ActiveCfg = Release|Any CPU
		{FE06E593-92E1-49E6-855C-5BB8B3290D46}.Release|Any CPU.Build.0 = Release|Any CPU
	EndGlobalSection
	GlobalSection(SolutionProperties) = preSolution
		HideSolutionNode = FALSE
	EndGlobalSection
	GlobalSection(ExtensibilityGlobals) = postSolution
		SolutionGuid = {ACA76DCF-48D8-4733-BF63-59AAD4D36F53}
	EndGlobalSection
EndGlobal
